# THIS IS AN AUTOGENERATED FILE. DO NOT EDIT THIS FILE DIRECTLY.
# yarn lockfile v1


"@davesnx/styled-ppx@^0.40.1":
  version "0.40.1"
  resolved "https://registry.npmjs.org/@davesnx/styled-ppx/-/styled-ppx-0.40.1.tgz"
  integrity sha512-9mrbQ1yGJE/sfYHsxNXy+VKWGvan9e6xG4c3t9DMCoogDT7d7f715PdFwu9cvkQvPJLmPegR28HMtii9pAu0Xg==

kafein@latest:
  version "0.4.0"
  resolved "https://registry.npmjs.org/kafein/-/kafein-0.4.0.tgz"
  integrity sha512-ZRai+kloBym0edCa5w8CWqyG12W36GJZhUABng7TTLr+yxMn+2hvEm9BhrgxFPsDNhjfcEUVMmG8uSGHns4S/w==

melange@^0.3.4:
  version "0.3.4"
  resolved "https://registry.npmjs.org/melange/-/melange-0.3.4.tgz"
  integrity sha512-zWYUs1QdGB/2zwBsaGea6+z9NTqiSkptT6OwN7U0f+kdSAPRtGK3P4gHLzuE86D1SiwV/cFFAvq5CwDNPdjsDw==
  dependencies:
    kafein latest

rescript@10.1.4:
  version "10.1.4"
  resolved "https://registry.npmjs.org/rescript/-/rescript-10.1.4.tgz"
  integrity sha512-FFKlS9AG/XrLepWsyw7B+A9DtQBPWEPDPDKghV831Y2KGbie+eeFBOS0xtRHp0xbt7S0N2Dm6hhX+kTZQ/3Ybg==
